
Microsoft Visual Studio Solution File, Format Version 12.00
# Visual Studio 2013
VisualStudioVersion = 12.0.30324.0
MinimumVisualStudioVersion = 10.0.40219.1
Project("{FAE04EC0-301F-11D3-BF4B-00C04F79EFBC}") = "SamsungRemoteWP7", "SamsungRemoteWP7.csproj", "{AD477B0F-C4E0-4E16-9479-42B58004018B}"
EndProject
Global
	GlobalSection(SolutionConfigurationPlatforms) = preSolution
		Debug|Any CPU = Debug|Any CPU
		Release|Any CPU = Release|Any CPU
	EndGlobalSection
	GlobalSection(ProjectConfigurationPlatforms) = postSolution
		{AD477B0F-C4E0-4E16-9479-42B58004018B}.Debug|Any CPU.ActiveCfg = Debug|Any CPU
		{AD477B0F-C4E0-4E16-9479-42B58004018B}.Debug|Any CPU.Build.0 = Debug|Any CPU
		{AD477B0F-C4E0-4E16-9479-42B58004018B}.Debug|Any CPU.Deploy.0 = Debug|Any CPU
		{AD477B0F-C4E0-4E16-9479-42B58004018B}.Release|Any CPU.ActiveCfg = Release|Any CPU
		{AD477B0F-C4E0-4E16-9479-42B58004018B}.Release|Any CPU.Build.0 = Release|Any CPU
		{AD477B0F-C4E0-4E16-9479-42B58004018B}.Release|Any CPU.Deploy.0 = Release|Any CPU
	EndGlobalSection
	GlobalSection(SolutionProperties) = preSolution
		HideSolutionNode = FALSE
	EndGlobalSection
EndGlobal
